
Microsoft Visual Studio Solution File, Format Version 12.00
# Visual Studio Version 17
VisualStudioVersion = 17.8.34309.116
MinimumVisualStudioVersion = 10.0.40219.1
Project("{F184B08F-C81C-45F6-A57F-5ABD9991F28F}") = "redsocial.Presentacion", "redsocial.presentacion\redsocial.Presentacion.vbproj", "{30726E5B-7FC2-47B1-BC87-1DA9A2E3E390}"
EndProject
Project("{F184B08F-C81C-45F6-A57F-5ABD9991F28F}") = "redsocial.Negocio", "redsocial.Negocio\redsocial.Negocio.vbproj", "{D56CA4F5-534D-4576-B65E-2FDCFFE9844B}"
EndProject
Project("{F184B08F-C81C-45F6-A57F-5ABD9991F28F}") = "redsocial.Datos", "redsocial.Datos\redsocial.Datos.vbproj", "{E4C45B6E-67C2-4DE8-BEE1-97A9A1E21759}"
EndProject
Project("{F184B08F-C81C-45F6-A57F-5ABD9991F28F}") = "redsocial.Entidades", "redsocial.Entidades\redsocial.Entidades.vbproj", "{AE688FA3-1BB7-42B2-BB63-77A062A61D2B}"
EndProject
Global
	GlobalSection(SolutionConfigurationPlatforms) = preSolution
		Debug|Any CPU = Debug|Any CPU
		Release|Any CPU = Release|Any CPU
	EndGlobalSection
	GlobalSection(ProjectConfigurationPlatforms) = postSolution
		{30726E5B-7FC2-47B1-BC87-1DA9A2E3E390}.Debug|Any CPU.ActiveCfg = Debug|Any CPU
		{30726E5B-7FC2-47B1-BC87-1DA9A2E3E390}.Debug|Any CPU.Build.0 = Debug|Any CPU
		{30726E5B-7FC2-47B1-BC87-1DA9A2E3E390}.Release|Any CPU.ActiveCfg = Release|Any CPU
		{30726E5B-7FC2-47B1-BC87-1DA9A2E3E390}.Release|Any CPU.Build.0 = Release|Any CPU
		{D56CA4F5-534D-4576-B65E-2FDCFFE9844B}.Debug|Any CPU.ActiveCfg = Debug|Any CPU
		{D56CA4F5-534D-4576-B65E-2FDCFFE9844B}.Debug|Any CPU.Build.0 = Debug|Any CPU
		{D56CA4F5-534D-4576-B65E-2FDCFFE9844B}.Release|Any CPU.ActiveCfg = Release|Any CPU
		{D56CA4F5-534D-4576-B65E-2FDCFFE9844B}.Release|Any CPU.Build.0 = Release|Any CPU
		{E4C45B6E-67C2-4DE8-BEE1-97A9A1E21759}.Debug|Any CPU.ActiveCfg = Debug|Any CPU
		{E4C45B6E-67C2-4DE8-BEE1-97A9A1E21759}.Debug|Any CPU.Build.0 = Debug|Any CPU
		{E4C45B6E-67C2-4DE8-BEE1-97A9A1E21759}.Release|Any CPU.ActiveCfg = Release|Any CPU
		{E4C45B6E-67C2-4DE8-BEE1-97A9A1E21759}.Release|Any CPU.Build.0 = Release|Any CPU
		{AE688FA3-1BB7-42B2-BB63-77A062A61D2B}.Debug|Any CPU.ActiveCfg = Debug|Any CPU
		{AE688FA3-1BB7-42B2-BB63-77A062A61D2B}.Debug|Any CPU.Build.0 = Debug|Any CPU
		{AE688FA3-1BB7-42B2-BB63-77A062A61D2B}.Release|Any CPU.ActiveCfg = Release|Any CPU
		{AE688FA3-1BB7-42B2-BB63-77A062A61D2B}.Release|Any CPU.Build.0 = Release|Any CPU
	EndGlobalSection
	GlobalSection(SolutionProperties) = preSolution
		HideSolutionNode = FALSE
	EndGlobalSection
	GlobalSection(ExtensibilityGlobals) = postSolution
		SolutionGuid = {6CD9E1A3-3E7E-4A20-A4D3-36180AD53302}
	EndGlobalSection
EndGlobal
